
Microsoft Visual Studio Solution File, Format Version 12.00
# Visual Studio Version 16
VisualStudioVersion = 16.0.30621.155
MinimumVisualStudioVersion = 10.0.40219.1
Project("{FAE04EC0-301F-11D3-BF4B-00C04F79EFBC}") = "TrianglePr", "TrianglePr\TrianglePr.csproj", "{B3F8E0E4-B1F4-4443-87F8-3742B9256839}"
EndProject
Global
	GlobalSection(SolutionConfigurationPlatforms) = preSolution
		Debug|Any CPU = Debug|Any CPU
		Release|Any CPU = Release|Any CPU
	EndGlobalSection
	GlobalSection(ProjectConfigurationPlatforms) = postSolution
		{B3F8E0E4-B1F4-4443-87F8-3742B9256839}.Debug|Any CPU.ActiveCfg = Debug|Any CPU
		{B3F8E0E4-B1F4-4443-87F8-3742B9256839}.Debug|Any CPU.Build.0 = Debug|Any CPU
		{B3F8E0E4-B1F4-4443-87F8-3742B9256839}.Release|Any CPU.ActiveCfg = Release|Any CPU
		{B3F8E0E4-B1F4-4443-87F8-3742B9256839}.Release|Any CPU.Build.0 = Release|Any CPU
	EndGlobalSection
	GlobalSection(SolutionProperties) = preSolution
		HideSolutionNode = FALSE
	EndGlobalSection
	GlobalSection(ExtensibilityGlobals) = postSolution
		SolutionGuid = {4F95C916-3CC9-4700-93BC-1A80A9358B37}
	EndGlobalSection
EndGlobal
